
Microsoft Visual Studio Solution File, Format Version 12.00
# Visual Studio Version 17
VisualStudioVersion = 17.0.32112.339
MinimumVisualStudioVersion = 10.0.40219.1
Project("{FAE04EC0-301F-11D3-BF4B-00C04F79EFBC}") = "No.1", "No.1\No.1.csproj", "{631E0816-06EE-4A3E-A488-4AB3CD6BEB93}"
EndProject
Project("{FAE04EC0-301F-11D3-BF4B-00C04F79EFBC}") = "No.2", "No.2\No.2.csproj", "{47B6A032-A2D9-41E9-A998-56AEE28C8C8A}"
EndProject
Global
	GlobalSection(SolutionConfigurationPlatforms) = preSolution
		Debug|Any CPU = Debug|Any CPU
		Release|Any CPU = Release|Any CPU
	EndGlobalSection
	GlobalSection(ProjectConfigurationPlatforms) = postSolution
		{631E0816-06EE-4A3E-A488-4AB3CD6BEB93}.Debug|Any CPU.ActiveCfg = Debug|Any CPU
		{631E0816-06EE-4A3E-A488-4AB3CD6BEB93}.Debug|Any CPU.Build.0 = Debug|Any CPU
		{631E0816-06EE-4A3E-A488-4AB3CD6BEB93}.Release|Any CPU.ActiveCfg = Release|Any CPU
		{631E0816-06EE-4A3E-A488-4AB3CD6BEB93}.Release|Any CPU.Build.0 = Release|Any CPU
		{47B6A032-A2D9-41E9-A998-56AEE28C8C8A}.Debug|Any CPU.ActiveCfg = Debug|Any CPU
		{47B6A032-A2D9-41E9-A998-56AEE28C8C8A}.Debug|Any CPU.Build.0 = Debug|Any CPU
		{47B6A032-A2D9-41E9-A998-56AEE28C8C8A}.Release|Any CPU.ActiveCfg = Release|Any CPU
		{47B6A032-A2D9-41E9-A998-56AEE28C8C8A}.Release|Any CPU.Build.0 = Release|Any CPU
	EndGlobalSection
	GlobalSection(SolutionProperties) = preSolution
		HideSolutionNode = FALSE
	EndGlobalSection
	GlobalSection(ExtensibilityGlobals) = postSolution
		SolutionGuid = {088D986E-435E-40AB-AEE9-6BC78275BE36}
	EndGlobalSection
EndGlobal
